
Microsoft Visual Studio Solution File, Format Version 12.00
# Visual Studio Version 17
VisualStudioVersion = 17.6.33723.286
MinimumVisualStudioVersion = 10.0.40219.1
Project("{FAE04EC0-301F-11D3-BF4B-00C04F79EFBC}") = "DiscordEmojiDownloader", "DiscordEmojiDownloader\DiscordEmojiDownloader.csproj", "{4C76AB7D-E77D-4CD2-BB73-69BBC07288EB}"
EndProject
Global
	GlobalSection(SolutionConfigurationPlatforms) = preSolution
		Debug|Any CPU = Debug|Any CPU
		Release|Any CPU = Release|Any CPU
	EndGlobalSection
	GlobalSection(ProjectConfigurationPlatforms) = postSolution
		{4C76AB7D-E77D-4CD2-BB73-69BBC07288EB}.Debug|Any CPU.ActiveCfg = Debug|Any CPU
		{4C76AB7D-E77D-4CD2-BB73-69BBC07288EB}.Debug|Any CPU.Build.0 = Debug|Any CPU
		{4C76AB7D-E77D-4CD2-BB73-69BBC07288EB}.Release|Any CPU.ActiveCfg = Release|Any CPU
		{4C76AB7D-E77D-4CD2-BB73-69BBC07288EB}.Release|Any CPU.Build.0 = Release|Any CPU
	EndGlobalSection
	GlobalSection(SolutionProperties) = preSolution
		HideSolutionNode = FALSE
	EndGlobalSection
	GlobalSection(ExtensibilityGlobals) = postSolution
		SolutionGuid = {1E41140D-E600-4FE8-9477-CF26209CF2BA}
	EndGlobalSection
EndGlobal
